// !$*UTF8*$!
{
	archiveVersion = 1;
	classes = {
	};
	objectVersion = 46;
	objects = {

/* Begin PBXBuildFile section */
		6B6BDAFF99FE850D9FF5CE51 /* libPods.a in Frameworks */ = {isa = PBXBuildFile; fileRef = B0B230741FA633FC32092ECE /* libPods.a */; };
		D60AF4A21B43D9D70036ECA6 /* AppDelegate.m in Sources */ = {isa = PBXBuildFile; fileRef = D60AF4A11B43D9D70036ECA6 /* AppDelegate.m */; };
		D60AF4A41B43D9D70036ECA6 /* main.m in Sources */ = {isa = PBXBuildFile; fileRef = D60AF4A31B43D9D70036ECA6 /* main.m */; };
		D60AF4A71B43D9D70036ECA6 /* ViewController.m in Sources */ = {isa = PBXBuildFile; fileRef = D60AF4A61B43D9D70036ECA6 /* ViewController.m */; };
		D60AF4A91B43D9D70036ECA6 /* Images.xcassets in Resources */ = {isa = PBXBuildFile; fileRef = D60AF4A81B43D9D70036ECA6 /* Images.xcassets */; };
		D60AF4AC1B43D9D70036ECA6 /* Main.storyboard in Resources */ = {isa = PBXBuildFile; fileRef = D60AF4AA1B43D9D70036ECA6 /* Main.storyboard */; };
		D60AF4B81B43D9D70036ECA6 /* AnekBotTests.m in Sources */ = {isa = PBXBuildFile; fileRef = D60AF4B71B43D9D70036ECA6 /* AnekBotTests.m */; };
		D60AF4C31B43DADF0036ECA6 /* TelegramService.m in Sources */ = {isa = PBXBuildFile; fileRef = D60AF4C21B43DADF0036ECA6 /* TelegramService.m */; };
		D6A03B4F1B453A160054521D /* AnekService.m in Sources */ = {isa = PBXBuildFile; fileRef = D6A03B4E1B453A160054521D /* AnekService.m */; };
/* End PBXBuildFile section */

/* Begin PBXContainerItemProxy section */
		D60AF4B21B43D9D70036ECA6 /* PBXContainerItemProxy */ = {
			isa = PBXContainerItemProxy;
			containerPortal = D60AF4931B43D9D70036ECA6 /* Project object */;
			proxyType = 1;
			remoteGlobalIDString = D60AF49A1B43D9D70036ECA6;
			remoteInfo = AnekBot;
		};
/* End PBXContainerItemProxy section */

/* Begin PBXFileReference section */
		2E7670DEECFEE3F4C2F6A38C /* Pods.release.xcconfig */ = {isa = PBXFileReference; includeInIndex = 1; lastKnownFileType = text.xcconfig; name = Pods.release.xcconfig; path = "Pods/Target Support Files/Pods/Pods.release.xcconfig"; sourceTree = "<group>"; };
		B0B230741FA633FC32092ECE /* libPods.a */ = {isa = PBXFileReference; explicitFileType = archive.ar; includeInIndex = 0; path = libPods.a; sourceTree = BUILT_PRODUCTS_DIR; };
		CD15125C43C9094580AA77CA /* Pods.debug.xcconfig */ = {isa = PBXFileReference; includeInIndex = 1; lastKnownFileType = text.xcconfig; name = Pods.debug.xcconfig; path = "Pods/Target Support Files/Pods/Pods.debug.xcconfig"; sourceTree = "<group>"; };
		D60AF49B1B43D9D70036ECA6 /* AnekBot.app */ = {isa = PBXFileReference; explicitFileType = wrapper.application; includeInIndex = 0; path = AnekBot.app; sourceTree = BUILT_PRODUCTS_DIR; };
		D60AF49F1B43D9D70036ECA6 /* Info.plist */ = {isa = PBXFileReference; lastKnownFileType = text.plist.xml; path = Info.plist; sourceTree = "<group>"; };
		D60AF4A01B43D9D70036ECA6 /* AppDelegate.h */ = {isa = PBXFileReference; lastKnownFileType = sourcecode.c.h; path = AppDelegate.h; sourceTree = "<group>"; };
		D60AF4A11B43D9D70036ECA6 /* AppDelegate.m */ = {isa = PBXFileReference; lastKnownFileType = sourcecode.c.objc; path = AppDelegate.m; sourceTree = "<group>"; };
		D60AF4A31B43D9D70036ECA6 /* main.m */ = {isa = PBXFileReference; lastKnownFileType = sourcecode.c.objc; path = main.m; sourceTree = "<group>"; };
		D60AF4A51B43D9D70036ECA6 /* ViewController.h */ = {isa = PBXFileReference; lastKnownFileType = sourcecode.c.h; path = ViewController.h; sourceTree = "<group>"; };
		D60AF4A61B43D9D70036ECA6 /* ViewController.m */ = {isa = PBXFileReference; lastKnownFileType = sourcecode.c.objc; path = ViewController.m; sourceTree = "<group>"; };
		D60AF4A81B43D9D70036ECA6 /* Images.xcassets */ = {isa = PBXFileReference; lastKnownFileType = folder.assetcatalog; path = Images.xcassets; sourceTree = "<group>"; };
		D60AF4AB1B43D9D70036ECA6 /* Base */ = {isa = PBXFileReference; lastKnownFileType = file.storyboard; name = Base; path = Base.lproj/Main.storyboard; sourceTree = "<group>"; };
		D60AF4B11B43D9D70036ECA6 /* AnekBotTests.xctest */ = {isa = PBXFileReference; explicitFileType = wrapper.cfbundle; includeInIndex = 0; path = AnekBotTests.xctest; sourceTree = BUILT_PRODUCTS_DIR; };
		D60AF4B61B43D9D70036ECA6 /* Info.plist */ = {isa = PBXFileReference; lastKnownFileType = text.plist.xml; path = Info.plist; sourceTree = "<group>"; };
		D60AF4B71B43D9D70036ECA6 /* AnekBotTests.m */ = {isa = PBXFileReference; lastKnownFileType = sourcecode.c.objc; path = AnekBotTests.m; sourceTree = "<group>"; };
		D60AF4C11B43DADF0036ECA6 /* TelegramService.h */ = {isa = PBXFileReference; fileEncoding = 4; lastKnownFileType = sourcecode.c.h; path = TelegramService.h; sourceTree = "<group>"; };
		D60AF4C21B43DADF0036ECA6 /* TelegramService.m */ = {isa = PBXFileReference; fileEncoding = 4; lastKnownFileType = sourcecode.c.objc; path = TelegramService.m; sourceTree = "<group>"; };
		D6A03B4D1B453A160054521D /* AnekService.h */ = {isa = PBXFileReference; fileEncoding = 4; lastKnownFileType = sourcecode.c.h; path = AnekService.h; sourceTree = "<group>"; };
		D6A03B4E1B453A160054521D /* AnekService.m */ = {isa = PBXFileReference; fileEncoding = 4; lastKnownFileType = sourcecode.c.objc; path = AnekService.m; sourceTree = "<group>"; };
/* End PBXFileReference section */

/* Begin PBXFrameworksBuildPhase section */
		D60AF4981B43D9D70036ECA6 /* Frameworks */ = {
			isa = PBXFrameworksBuildPhase;
			buildActionMask = 2147483647;
			files = (
				6B6BDAFF99FE850D9FF5CE51 /* libPods.a in Frameworks */,
			);
			runOnlyForDeploymentPostprocessing = 0;
		};
		D60AF4AE1B43D9D70036ECA6 /* Frameworks */ = {
			isa = PBXFrameworksBuildPhase;
			buildActionMask = 2147483647;
			files = (
			);
			runOnlyForDeploymentPostprocessing = 0;
		};
/* End PBXFrameworksBuildPhase section */

/* Begin PBXGroup section */
		1D0A0338051C9C50A7A2106D /* Pods */ = {
			isa = PBXGroup;
			children = (
				CD15125C43C9094580AA77CA /* Pods.debug.xcconfig */,
				2E7670DEECFEE3F4C2F6A38C /* Pods.release.xcconfig */,
			);
			name = Pods;
			sourceTree = "<group>";
		};
		D60AF4921B43D9D70036ECA6 = {
			isa = PBXGroup;
			children = (
				D60AF49D1B43D9D70036ECA6 /* AnekBot */,
				D60AF4B41B43D9D70036ECA6 /* AnekBotTests */,
				D60AF49C1B43D9D70036ECA6 /* Products */,
				1D0A0338051C9C50A7A2106D /* Pods */,
				F3AB36E033E94124C2A58769 /* Frameworks */,
			);
			sourceTree = "<group>";
		};
		D60AF49C1B43D9D70036ECA6 /* Products */ = {
			isa = PBXGroup;
			children = (
				D60AF49B1B43D9D70036ECA6 /* AnekBot.app */,
				D60AF4B11B43D9D70036ECA6 /* AnekBotTests.xctest */,
			);
			name = Products;
			sourceTree = "<group>";
		};
		D60AF49D1B43D9D70036ECA6 /* AnekBot */ = {
			isa = PBXGroup;
			children = (
				D60AF4A01B43D9D70036ECA6 /* AppDelegate.h */,
				D60AF4A11B43D9D70036ECA6 /* AppDelegate.m */,
				D60AF4A51B43D9D70036ECA6 /* ViewController.h */,
				D60AF4A61B43D9D70036ECA6 /* ViewController.m */,
				D60AF4C11B43DADF0036ECA6 /* TelegramService.h */,
				D60AF4C21B43DADF0036ECA6 /* TelegramService.m */,
				D60AF4A81B43D9D70036ECA6 /* Images.xcassets */,
				D60AF4AA1B43D9D70036ECA6 /* Main.storyboard */,
				D60AF49E1B43D9D70036ECA6 /* Supporting Files */,
				D6A03B4D1B453A160054521D /* AnekService.h */,
				D6A03B4E1B453A160054521D /* AnekService.m */,
			);
			path = AnekBot;
			sourceTree = "<group>";
		};
		D60AF49E1B43D9D70036ECA6 /* Supporting Files */ = {
			isa = PBXGroup;
			children = (
				D60AF49F1B43D9D70036ECA6 /* Info.plist */,
				D60AF4A31B43D9D70036ECA6 /* main.m */,
			);
			name = "Supporting Files";
			sourceTree = "<group>";
		};
		D60AF4B41B43D9D70036ECA6 /* AnekBotTests */ = {
			isa = PBXGroup;
			children = (
				D60AF4B71B43D9D70036ECA6 /* AnekBotTests.m */,
				D60AF4B51B43D9D70036ECA6 /* Supporting Files */,
			);
			path = AnekBotTests;
			sourceTree = "<group>";
		};
		D60AF4B51B43D9D70036ECA6 /* Supporting Files */ = {
			isa = PBXGroup;
			children = (
				D60AF4B61B43D9D70036ECA6 /* Info.plist */,
			);
			name = "Supporting Files";
			sourceTree = "<group>";
		};
		F3AB36E033E94124C2A58769 /* Frameworks */ = {
			isa = PBXGroup;
			children = (
				B0B230741FA633FC32092ECE /* libPods.a */,
			);
			name = Frameworks;
			sourceTree = "<group>";
		};
/* End PBXGroup section */

/* Begin PBXNativeTarget section */
		D60AF49A1B43D9D70036ECA6 /* AnekBot */ = {
			isa = PBXNativeTarget;
			buildConfigurationList = D60AF4BB1B43D9D70036ECA6 /* Build configuration list for PBXNativeTarget "AnekBot" */;
			buildPhases = (
				05A6FE2E7675C2CAAC8D991D /* Check Pods Manifest.lock */,
				D60AF4971B43D9D70036ECA6 /* Sources */,
				D60AF4981B43D9D70036ECA6 /* Frameworks */,
				D60AF4991B43D9D70036ECA6 /* Resources */,
				B4747FB523BACB85235BB9E9 /* Copy Pods Resources */,
			);
			buildRules = (
			);
			dependencies = (
			);
			name = AnekBot;
			productName = AnekBot;
			productReference = D60AF49B1B43D9D70036ECA6 /* AnekBot.app */;
			productType = "com.apple.product-type.application";
		};
		D60AF4B01B43D9D70036ECA6 /* AnekBotTests */ = {
			isa = PBXNativeTarget;
			buildConfigurationList = D60AF4BE1B43D9D70036ECA6 /* Build configuration list for PBXNativeTarget "AnekBotTests" */;
			buildPhases = (
				D60AF4AD1B43D9D70036ECA6 /* Sources */,
				D60AF4AE1B43D9D70036ECA6 /* Frameworks */,
				D60AF4AF1B43D9D70036ECA6 /* Resources */,
			);
			buildRules = (
			);
			dependencies = (
				D60AF4B31B43D9D70036ECA6 /* PBXTargetDependency */,
			);
			name = AnekBotTests;
			productName = AnekBotTests;
			productReference = D60AF4B11B43D9D70036ECA6 /* AnekBotTests.xctest */;
			productType = "com.apple.product-type.bundle.unit-test";
		};
/* End PBXNativeTarget section */

/* Begin PBXProject section */
		D60AF4931B43D9D70036ECA6 /* Project object */ = {
			isa = PBXProject;
			attributes = {
				LastUpgradeCheck = 0630;
				ORGANIZATIONNAME = Nastya;
				TargetAttributes = {
					D60AF49A1B43D9D70036ECA6 = {
						CreatedOnToolsVersion = 6.3.1;
					};
					D60AF4B01B43D9D70036ECA6 = {
						CreatedOnToolsVersion = 6.3.1;
						TestTargetID = D60AF49A1B43D9D70036ECA6;
					};
				};
			};
			buildConfigurationList = D60AF4961B43D9D70036ECA6 /* Build configuration list for PBXProject "AnekBot" */;
			compatibilityVersion = "Xcode 3.2";
			developmentRegion = English;
			hasScannedForEncodings = 0;
			knownRegions = (
				en,
				Base,
			);
			mainGroup = D60AF4921B43D9D70036ECA6;
			productRefGroup = D60AF49C1B43D9D70036ECA6 /* Products */;
			projectDirPath = "";
			projectRoot = "";
			targets = (
				D60AF49A1B43D9D70036ECA6 /* AnekBot */,
				D60AF4B01B43D9D70036ECA6 /* AnekBotTests */,
			);
		};
/* End PBXProject section */

/* Begin PBXResourcesBuildPhase section */
		D60AF4991B43D9D70036ECA6 /* Resources */ = {
			isa = PBXResourcesBuildPhase;
			buildActionMask = 2147483647;
			files = (
				D60AF4A91B43D9D70036ECA6 /* Images.xcassets in Resources */,
				D60AF4AC1B43D9D70036ECA6 /* Main.storyboard in Resources */,
			);
			runOnlyForDeploymentPostprocessing = 0;
		};
		D60AF4AF1B43D9D70036ECA6 /* Resources */ = {
			isa = PBXResourcesBuildPhase;
			buildActionMask = 2147483647;
			files = (
			);
			runOnlyForDeploymentPostprocessing = 0;
		};
/* End PBXResourcesBuildPhase section */

/* Begin PBXShellScriptBuildPhase section */
		05A6FE2E7675C2CAAC8D991D /* Check Pods Manifest.lock */ = {
			isa = PBXShellScriptBuildPhase;
			buildActionMask = 2147483647;
			files = (
			);
			inputPaths = (
			);
			name = "Check Pods Manifest.lock";
			outputPaths = (
			);
			runOnlyForDeploymentPostprocessing = 0;
			shellPath = /bin/sh;
			shellScript = "diff \"${PODS_ROOT}/../Podfile.lock\" \"${PODS_ROOT}/Manifest.lock\" > /dev/null\nif [[ $? != 0 ]] ; then\n    cat << EOM\nerror: The sandbox is not in sync with the Podfile.lock. Run 'pod install' or update your CocoaPods installation.\nEOM\n    exit 1\nfi\n";
			showEnvVarsInLog = 0;
		};
		B4747FB523BACB85235BB9E9 /* Copy Pods Resources */ = {
			isa = PBXShellScriptBuildPhase;
			buildActionMask = 2147483647;
			files = (
			);
			inputPaths = (
			);
			name = "Copy Pods Resources";
			outputPaths = (
			);
			runOnlyForDeploymentPostprocessing = 0;
			shellPath = /bin/sh;
			shellScript = "\"${SRCROOT}/Pods/Target Support Files/Pods/Pods-resources.sh\"\n";
			showEnvVarsInLog = 0;
		};
/* End PBXShellScriptBuildPhase section */

/* Begin PBXSourcesBuildPhase section */
		D60AF4971B43D9D70036ECA6 /* Sources */ = {
			isa = PBXSourcesBuildPhase;
			buildActionMask = 2147483647;
			files = (
				D60AF4A71B43D9D70036ECA6 /* ViewController.m in Sources */,
				D60AF4A41B43D9D70036ECA6 /* main.m in Sources */,
				D60AF4C31B43DADF0036ECA6 /* TelegramService.m in Sources */,
				D6A03B4F1B453A160054521D /* AnekService.m in Sources */,
				D60AF4A21B43D9D70036ECA6 /* AppDelegate.m in Sources */,
			);
			runOnlyForDeploymentPostprocessing = 0;
		};
		D60AF4AD1B43D9D70036ECA6 /* Sources */ = {
			isa = PBXSourcesBuildPhase;
			buildActionMask = 2147483647;
			files = (
				D60AF4B81B43D9D70036ECA6 /* AnekBotTests.m in Sources */,
			);
			runOnlyForDeploymentPostprocessing = 0;
		};
/* End PBXSourcesBuildPhase section */

/* Begin PBXTargetDependency section */
		D60AF4B31B43D9D70036ECA6 /* PBXTargetDependency */ = {
			isa = PBXTargetDependency;
			target = D60AF49A1B43D9D70036ECA6 /* AnekBot */;
			targetProxy = D60AF4B21B43D9D70036ECA6 /* PBXContainerItemProxy */;
		};
/* End PBXTargetDependency section */

/* Begin PBXVariantGroup section */
		D60AF4AA1B43D9D70036ECA6 /* Main.storyboard */ = {
			isa = PBXVariantGroup;
			children = (
				D60AF4AB1B43D9D70036ECA6 /* Base */,
			);
			name = Main.storyboard;
			sourceTree = "<group>";
		};
/* End PBXVariantGroup section */

/* Begin XCBuildConfiguration section */
		D60AF4B91B43D9D70036ECA6 /* Debug */ = {
			isa = XCBuildConfiguration;
			buildSettings = {
				ALWAYS_SEARCH_USER_PATHS = NO;
				CLANG_CXX_LANGUAGE_STANDARD = "gnu++0x";
				CLANG_CXX_LIBRARY = "libc++";
				CLANG_ENABLE_MODULES = YES;
				CLANG_ENABLE_OBJC_ARC = YES;
				CLANG_WARN_BOOL_CONVERSION = YES;
				CLANG_WARN_CONSTANT_CONVERSION = YES;
				CLANG_WARN_DIRECT_OBJC_ISA_USAGE = YES_ERROR;
				CLANG_WARN_EMPTY_BODY = YES;
				CLANG_WARN_ENUM_CONVERSION = YES;
				CLANG_WARN_INT_CONVERSION = YES;
				CLANG_WARN_OBJC_ROOT_CLASS = YES_ERROR;
				CLANG_WARN_UNREACHABLE_CODE = YES;
				CLANG_WARN__DUPLICATE_METHOD_MATCH = YES;
				CODE_SIGN_IDENTITY = "-";
				COPY_PHASE_STRIP = NO;
				DEBUG_INFORMATION_FORMAT = dwarf;
				ENABLE_STRICT_OBJC_MSGSEND = YES;
				GCC_C_LANGUAGE_STANDARD = gnu99;
				GCC_DYNAMIC_NO_PIC = NO;
				GCC_NO_COMMON_BLOCKS = YES;
				GCC_OPTIMIZATION_LEVEL = 0;
				GCC_PREPROCESSOR_DEFINITIONS = (
					"DEBUG=1",
					"$(inherited)",
				);
				GCC_SYMBOLS_PRIVATE_EXTERN = NO;
				GCC_WARN_64_TO_32_BIT_CONVERSION = YES;
				GCC_WARN_ABOUT_RETURN_TYPE = YES_ERROR;
				GCC_WARN_UNDECLARED_SELECTOR = YES;
				GCC_WARN_UNINITIALIZED_AUTOS = YES_AGGRESSIVE;
				GCC_WARN_UNUSED_FUNCTION = YES;
				GCC_WARN_UNUSED_VARIABLE = YES;
				MACOSX_DEPLOYMENT_TARGET = 10.10;
				MTL_ENABLE_DEBUG_INFO = YES;
				ONLY_ACTIVE_ARCH = YES;
				SDKROOT = macosx;
			};
			name = Debug;
		};
		D60AF4BA1B43D9D70036ECA6 /* Release */ = {
			isa = XCBuildConfiguration;
			buildSettings = {
				ALWAYS_SEARCH_USER_PATHS = NO;
				CLANG_CXX_LANGUAGE_STANDARD = "gnu++0x";
				CLANG_CXX_LIBRARY = "libc++";
				CLANG_ENABLE_MODULES = YES;
				CLANG_ENABLE_OBJC_ARC = YES;
				CLANG_WARN_BOOL_CONVERSION = YES;
				CLANG_WARN_CONSTANT_CONVERSION = YES;
				CLANG_WARN_DIRECT_OBJC_ISA_USAGE = YES_ERROR;
				CLANG_WARN_EMPTY_BODY = YES;
				CLANG_WARN_ENUM_CONVERSION = YES;
				CLANG_WARN_INT_CONVERSION = YES;
				CLANG_WARN_OBJC_ROOT_CLASS = YES_ERROR;
				CLANG_WARN_UNREACHABLE_CODE = YES;
				CLANG_WARN__DUPLICATE_METHOD_MATCH = YES;
				CODE_SIGN_IDENTITY = "-";
				COPY_PHASE_STRIP = NO;
				DEBUG_INFORMATION_FORMAT = "dwarf-with-dsym";
				ENABLE_NS_ASSERTIONS = NO;
				ENABLE_STRICT_OBJC_MSGSEND = YES;
				GCC_C_LANGUAGE_STANDARD = gnu99;
				GCC_NO_COMMON_BLOCKS = YES;
				GCC_WARN_64_TO_32_BIT_CONVERSION = YES;
				GCC_WARN_ABOUT_RETURN_TYPE = YES_ERROR;
				GCC_WARN_UNDECLARED_SELECTOR = YES;
				GCC_WARN_UNINITIALIZED_AUTOS = YES_AGGRESSIVE;
				GCC_WARN_UNUSED_FUNCTION = YES;
				GCC_WARN_UNUSED_VARIABLE = YES;
				MACOSX_DEPLOYMENT_TARGET = 10.10;
				MTL_ENABLE_DEBUG_INFO = NO;
				SDKROOT = macosx;
			};
			name = Release;
		};
		D60AF4BC1B43D9D70036ECA6 /* Debug */ = {
			isa = XCBuildConfiguration;
			baseConfigurationReference = CD15125C43C9094580AA77CA /* Pods.debug.xcconfig */;
			buildSettings = {
				ASSETCATALOG_COMPILER_APPICON_NAME = AppIcon;
				CLANG_ALLOW_NON_MODULAR_INCLUDES_IN_FRAMEWORK_MODULES = YES;
				COMBINE_HIDPI_IMAGES = YES;
				INFOPLIST_FILE = AnekBot/Info.plist;
				LD_RUNPATH_SEARCH_PATHS = "$(inherited) @executable_path/../Frameworks";
				PRODUCT_NAME = "$(TARGET_NAME)";
			};
			name = Debug;
		};
		D60AF4BD1B43D9D70036ECA6 /* Release */ = {
			isa = XCBuildConfiguration;
			baseConfigurationReference = 2E7670DEECFEE3F4C2F6A38C /* Pods.release.xcconfig */;
			buildSettings = {
				ASSETCATALOG_COMPILER_APPICON_NAME = AppIcon;
				CLANG_ALLOW_NON_MODULAR_INCLUDES_IN_FRAMEWORK_MODULES = YES;
				COMBINE_HIDPI_IMAGES = YES;
				INFOPLIST_FILE = AnekBot/Info.plist;
				LD_RUNPATH_SEARCH_PATHS = "$(inherited) @executable_path/../Frameworks";
				PRODUCT_NAME = "$(TARGET_NAME)";
			};
			name = Release;
		};
		D60AF4BF1B43D9D70036ECA6 /* Debug */ = {
			isa = XCBuildConfiguration;
			buildSettings = {
				BUNDLE_LOADER = "$(TEST_HOST)";
				COMBINE_HIDPI_IMAGES = YES;
				FRAMEWORK_SEARCH_PATHS = (
					"$(DEVELOPER_FRAMEWORKS_DIR)",
					"$(inherited)",
				);
				GCC_PREPROCESSOR_DEFINITIONS = (
					"DEBUG=1",
					"$(inherited)",
				);
				INFOPLIST_FILE = AnekBotTests/Info.plist;
				LD_RUNPATH_SEARCH_PATHS = "$(inherited) @executable_path/../Frameworks @loader_path/../Frameworks";
				PRODUCT_NAME = "$(TARGET_NAME)";
				TEST_HOST = "$(BUILT_PRODUCTS_DIR)/AnekBot.app/Contents/MacOS/AnekBot";
			};
			name = Debug;
		};
		D60AF4C01B43D9D70036ECA6 /* Release */ = {
			isa = XCBuildConfiguration;
			buildSettings = {
				BUNDLE_LOADER = "$(TEST_HOST)";
				COMBINE_HIDPI_IMAGES = YES;
				FRAMEWORK_SEARCH_PATHS = (
					"$(DEVELOPER_FRAMEWORKS_DIR)",
					"$(inherited)",
				);
				INFOPLIST_FILE = AnekBotTests/Info.plist;
				LD_RUNPATH_SEARCH_PATHS = "$(inherited) @executable_path/../Frameworks @loader_path/../Frameworks";
				PRODUCT_NAME = "$(TARGET_NAME)";
				TEST_HOST = "$(BUILT_PRODUCTS_DIR)/AnekBot.app/Contents/MacOS/AnekBot";
			};
			name = Release;
		};
/* End XCBuildConfiguration section */

/* Begin XCConfigurationList section */
		D60AF4961B43D9D70036ECA6 /* Build configuration list for PBXProject "AnekBot" */ = {
			isa = XCConfigurationList;
			buildConfigurations = (
				D60AF4B91B43D9D70036ECA6 /* Debug */,
				D60AF4BA1B43D9D70036ECA6 /* Release */,
			);
			defaultConfigurationIsVisible = 0;
			defaultConfigurationName = Release;
		};
		D60AF4BB1B43D9D70036ECA6 /* Build configuration list for PBXNativeTarget "AnekBot" */ = {
			isa = XCConfigurationList;
			buildConfigurations = (
				D60AF4BC1B43D9D70036ECA6 /* Debug */,
				D60AF4BD1B43D9D70036ECA6 /* Release */,
			);
			defaultConfigurationIsVisible = 0;
			defaultConfigurationName = Release;
		};
		D60AF4BE1B43D9D70036ECA6 /* Build configuration list for PBXNativeTarget "AnekBotTests" */ = {
			isa = XCConfigurationList;
			buildConfigurations = (
				D60AF4BF1B43D9D70036ECA6 /* Debug */,
				D60AF4C01B43D9D70036ECA6 /* Release */,
			);
			defaultConfigurationIsVisible = 0;
			defaultConfigurationName = Release;
		};
/* End XCConfigurationList section */
	};
	rootObject = D60AF4931B43D9D70036ECA6 /* Project object */;
}
